
Microsoft Visual Studio Solution File, Format Version 12.00
# Visual Studio 15
VisualStudioVersion = 15.0.28307.572
MinimumVisualStudioVersion = 10.0.40219.1
Project("{FAE04EC0-301F-11D3-BF4B-00C04F79EFBC}") = "SHES", "SHES\SHES.csproj", "{689391EA-12D1-4C0D-A406-39D4CFA53852}"
EndProject
Project("{FAE04EC0-301F-11D3-BF4B-00C04F79EFBC}") = "Komponente", "Komponente\Komponente.csproj", "{98B0F784-F699-479B-BBD7-7C7F09682ABB}"
EndProject
Project("{FAE04EC0-301F-11D3-BF4B-00C04F79EFBC}") = "Funkcije", "Funkcije\Funkcije.csproj", "{17146EE5-06AA-406A-8FBE-4B6E8CB85920}"
EndProject
Project("{FAE04EC0-301F-11D3-BF4B-00C04F79EFBC}") = "DodavanjePanela", "DodavanjePanela\DodavanjePanela.csproj", "{6560173F-443E-4D43-B61A-606A2C51E054}"
EndProject
Global
	GlobalSection(SolutionConfigurationPlatforms) = preSolution
		Debug|Any CPU = Debug|Any CPU
		Release|Any CPU = Release|Any CPU
	EndGlobalSection
	GlobalSection(ProjectConfigurationPlatforms) = postSolution
		{689391EA-12D1-4C0D-A406-39D4CFA53852}.Debug|Any CPU.ActiveCfg = Debug|Any CPU
		{689391EA-12D1-4C0D-A406-39D4CFA53852}.Debug|Any CPU.Build.0 = Debug|Any CPU
		{689391EA-12D1-4C0D-A406-39D4CFA53852}.Release|Any CPU.ActiveCfg = Release|Any CPU
		{689391EA-12D1-4C0D-A406-39D4CFA53852}.Release|Any CPU.Build.0 = Release|Any CPU
		{98B0F784-F699-479B-BBD7-7C7F09682ABB}.Debug|Any CPU.ActiveCfg = Debug|Any CPU
		{98B0F784-F699-479B-BBD7-7C7F09682ABB}.Debug|Any CPU.Build.0 = Debug|Any CPU
		{98B0F784-F699-479B-BBD7-7C7F09682ABB}.Release|Any CPU.ActiveCfg = Release|Any CPU
		{98B0F784-F699-479B-BBD7-7C7F09682ABB}.Release|Any CPU.Build.0 = Release|Any CPU
		{17146EE5-06AA-406A-8FBE-4B6E8CB85920}.Debug|Any CPU.ActiveCfg = Debug|Any CPU
		{17146EE5-06AA-406A-8FBE-4B6E8CB85920}.Debug|Any CPU.Build.0 = Debug|Any CPU
		{17146EE5-06AA-406A-8FBE-4B6E8CB85920}.Release|Any CPU.ActiveCfg = Release|Any CPU
		{17146EE5-06AA-406A-8FBE-4B6E8CB85920}.Release|Any CPU.Build.0 = Release|Any CPU
		{6560173F-443E-4D43-B61A-606A2C51E054}.Debug|Any CPU.ActiveCfg = Debug|Any CPU
		{6560173F-443E-4D43-B61A-606A2C51E054}.Debug|Any CPU.Build.0 = Debug|Any CPU
		{6560173F-443E-4D43-B61A-606A2C51E054}.Release|Any CPU.ActiveCfg = Release|Any CPU
		{6560173F-443E-4D43-B61A-606A2C51E054}.Release|Any CPU.Build.0 = Release|Any CPU
	EndGlobalSection
	GlobalSection(SolutionProperties) = preSolution
		HideSolutionNode = FALSE
	EndGlobalSection
	GlobalSection(ExtensibilityGlobals) = postSolution
		SolutionGuid = {EC43ACAA-DB35-4789-B0BE-03A5C57A3608}
	EndGlobalSection
EndGlobal
